
Microsoft Visual Studio Solution File, Format Version 11.00
# Visual Studio 2010
Project("{FAE04EC0-301F-11D3-BF4B-00C04F79EFBC}") = "MsTestMVC3", "MsTestMVC3\MsTestMVC3.csproj", "{05CE40E2-E2E0-4D19-9D24-EA74DD5997D3}"
EndProject
Project("{FAE04EC0-301F-11D3-BF4B-00C04F79EFBC}") = "MsTestMVC3.Test", "MsTestMVC3.Test\MsTestMVC3.Test.csproj", "{B2EB873D-AB97-41A8-A6BD-08FDFA816D34}"
EndProject
Project("{2150E333-8FDC-42A3-9474-1A3956D46DE8}") = "Solution Items", "Solution Items", "{26910CFA-8015-493B-B166-969B6C269C1A}"
	ProjectSection(SolutionItems) = preProject
		Local.testsettings = Local.testsettings
		MsTestMVC3.vsmdi = MsTestMVC3.vsmdi
		TraceAndTestImpact.testsettings = TraceAndTestImpact.testsettings
	EndProjectSection
EndProject
Global
	GlobalSection(TestCaseManagementSettings) = postSolution
		CategoryFile = MsTestMVC3.vsmdi
	EndGlobalSection
	GlobalSection(SolutionConfigurationPlatforms) = preSolution
		Debug|Any CPU = Debug|Any CPU
		Release|Any CPU = Release|Any CPU
	EndGlobalSection
	GlobalSection(ProjectConfigurationPlatforms) = postSolution
		{05CE40E2-E2E0-4D19-9D24-EA74DD5997D3}.Debug|Any CPU.ActiveCfg = Debug|Any CPU
		{05CE40E2-E2E0-4D19-9D24-EA74DD5997D3}.Debug|Any CPU.Build.0 = Debug|Any CPU
		{05CE40E2-E2E0-4D19-9D24-EA74DD5997D3}.Release|Any CPU.ActiveCfg = Release|Any CPU
		{05CE40E2-E2E0-4D19-9D24-EA74DD5997D3}.Release|Any CPU.Build.0 = Release|Any CPU
		{B2EB873D-AB97-41A8-A6BD-08FDFA816D34}.Debug|Any CPU.ActiveCfg = Debug|Any CPU
		{B2EB873D-AB97-41A8-A6BD-08FDFA816D34}.Debug|Any CPU.Build.0 = Debug|Any CPU
		{B2EB873D-AB97-41A8-A6BD-08FDFA816D34}.Release|Any CPU.ActiveCfg = Release|Any CPU
		{B2EB873D-AB97-41A8-A6BD-08FDFA816D34}.Release|Any CPU.Build.0 = Release|Any CPU
	EndGlobalSection
	GlobalSection(SolutionProperties) = preSolution
		HideSolutionNode = FALSE
	EndGlobalSection
EndGlobal
