
Microsoft Visual Studio Solution File, Format Version 11.00
# Visual Studio 2010
Project("{FAE04EC0-301F-11D3-BF4B-00C04F79EFBC}") = "TemplatesMVC3", "TemplatesMVC3\TemplatesMVC3.csproj", "{35250695-66D6-46E2-A127-A94307ECB41E}"
EndProject
Global
	GlobalSection(SolutionConfigurationPlatforms) = preSolution
		Debug|Any CPU = Debug|Any CPU
		Release|Any CPU = Release|Any CPU
	EndGlobalSection
	GlobalSection(ProjectConfigurationPlatforms) = postSolution
		{35250695-66D6-46E2-A127-A94307ECB41E}.Debug|Any CPU.ActiveCfg = Debug|Any CPU
		{35250695-66D6-46E2-A127-A94307ECB41E}.Debug|Any CPU.Build.0 = Debug|Any CPU
		{35250695-66D6-46E2-A127-A94307ECB41E}.Release|Any CPU.ActiveCfg = Release|Any CPU
		{35250695-66D6-46E2-A127-A94307ECB41E}.Release|Any CPU.Build.0 = Release|Any CPU
	EndGlobalSection
	GlobalSection(SolutionProperties) = preSolution
		HideSolutionNode = FALSE
	EndGlobalSection
EndGlobal
