
Microsoft Visual Studio Solution File, Format Version 11.00
# Visual Studio 2010
Project("{FAE04EC0-301F-11D3-BF4B-00C04F79EFBC}") = "SessionlessMVC3", "SessionlessMVC3\SessionlessMVC3.csproj", "{0ED2D5B6-50A0-4537-9A57-9E285B1E7641}"
EndProject
Global
	GlobalSection(SolutionConfigurationPlatforms) = preSolution
		Debug|Any CPU = Debug|Any CPU
		Release|Any CPU = Release|Any CPU
	EndGlobalSection
	GlobalSection(ProjectConfigurationPlatforms) = postSolution
		{0ED2D5B6-50A0-4537-9A57-9E285B1E7641}.Debug|Any CPU.ActiveCfg = Debug|Any CPU
		{0ED2D5B6-50A0-4537-9A57-9E285B1E7641}.Debug|Any CPU.Build.0 = Debug|Any CPU
		{0ED2D5B6-50A0-4537-9A57-9E285B1E7641}.Release|Any CPU.ActiveCfg = Release|Any CPU
		{0ED2D5B6-50A0-4537-9A57-9E285B1E7641}.Release|Any CPU.Build.0 = Release|Any CPU
	EndGlobalSection
	GlobalSection(SolutionProperties) = preSolution
		HideSolutionNode = FALSE
	EndGlobalSection
EndGlobal
