
Microsoft Visual Studio Solution File, Format Version 11.00
# Visual Studio 2010
Project("{FAE04EC0-301F-11D3-BF4B-00C04F79EFBC}") = "DataAnnotationsMVC3", "DataAnnotationsMVC3\DataAnnotationsMVC3.csproj", "{8F59930D-87E1-4742-972E-3F8D75AFC591}"
EndProject
Global
	GlobalSection(SolutionConfigurationPlatforms) = preSolution
		Debug|Any CPU = Debug|Any CPU
		Release|Any CPU = Release|Any CPU
	EndGlobalSection
	GlobalSection(ProjectConfigurationPlatforms) = postSolution
		{8F59930D-87E1-4742-972E-3F8D75AFC591}.Debug|Any CPU.ActiveCfg = Debug|Any CPU
		{8F59930D-87E1-4742-972E-3F8D75AFC591}.Debug|Any CPU.Build.0 = Debug|Any CPU
		{8F59930D-87E1-4742-972E-3F8D75AFC591}.Release|Any CPU.ActiveCfg = Release|Any CPU
		{8F59930D-87E1-4742-972E-3F8D75AFC591}.Release|Any CPU.Build.0 = Release|Any CPU
	EndGlobalSection
	GlobalSection(SolutionProperties) = preSolution
		HideSolutionNode = FALSE
	EndGlobalSection
EndGlobal
